{
  "name": "@emagtechlabs/ckeditor5-classic-image-resize",
  "version": "1.0.6",
  "lockfileVersion": 1,
  "requires": true,
  "dependencies": {
    "@ckeditor/ckeditor5-clipboard": {
      "version": "35.2.1",
      "resolved": "https://registry.npmjs.org/@ckeditor/ckeditor5-clipboard/-/ckeditor5-clipboard-35.2.1.tgz",
      "integrity": "sha512-oHtU4ViXAPwvDKw4QoeQY0v4sdPLvJ4IjCS0MEkGQdspV/osvqPIyxUP2aqISbBPMRA7vz6VTeUqqeVZGH2Hrg==",
      "requires": {
        "@ckeditor/ckeditor5-core": "^35.2.1",
        "@ckeditor/ckeditor5-engine": "^35.2.1",
        "@ckeditor/ckeditor5-utils": "^35.2.1",
        "@ckeditor/ckeditor5-widget": "^35.2.1",
        "lodash-es": "^4.17.11"
      },
      "dependencies": {
        "@ckeditor/ckeditor5-utils": {
          "version": "35.2.1",
          "resolved": "https://registry.npmjs.org/@ckeditor/ckeditor5-utils/-/ckeditor5-utils-35.2.1.tgz",
          "integrity": "sha512-6sseGcA+am4bfuWybTVsLi1R2DRJE3lyKfAv5+UgSWpZwVWHRE/ZOCGkRrkWjA+0Rfwxx8XdU8KC+l7iq73iwQ==",
          "requires": {
            "lodash-es": "^4.17.15"
          }
        }
      }
    },
    "@ckeditor/ckeditor5-core": {
      "version": "35.2.1",
      "resolved": "https://registry.npmjs.org/@ckeditor/ckeditor5-core/-/ckeditor5-core-35.2.1.tgz",
      "integrity": "sha512-52A/rS3DamiWGPVB3Jd6Z14Hv9yCwcTGdLNWStDyrMjybjXOc7O6xrEiB8v1ySzTaleD4wfZ7vGlq1ZKF2dqDg==",
      "requires": {
        "@ckeditor/ckeditor5-engine": "^35.2.1",
        "@ckeditor/ckeditor5-ui": "^35.2.1",
        "@ckeditor/ckeditor5-utils": "^35.2.1",
        "lodash-es": "^4.17.15"
      },
      "dependencies": {
        "@ckeditor/ckeditor5-utils": {
          "version": "35.2.1",
          "resolved": "https://registry.npmjs.org/@ckeditor/ckeditor5-utils/-/ckeditor5-utils-35.2.1.tgz",
          "integrity": "sha512-6sseGcA+am4bfuWybTVsLi1R2DRJE3lyKfAv5+UgSWpZwVWHRE/ZOCGkRrkWjA+0Rfwxx8XdU8KC+l7iq73iwQ==",
          "requires": {
            "lodash-es": "^4.17.15"
          }
        }
      }
    },
    "@ckeditor/ckeditor5-engine": {
      "version": "35.2.1",
      "resolved": "https://registry.npmjs.org/@ckeditor/ckeditor5-engine/-/ckeditor5-engine-35.2.1.tgz",
      "integrity": "sha512-7cVYYNBm3VJ2jhwgbSnzHBn1tDeRiTQ4X/TI3S7/C+hOCVxsB8bns8GV/AOTuAromrbwpME4QXTY+Z6okcHyLA==",
      "requires": {
        "@ckeditor/ckeditor5-utils": "^35.2.1",
        "lodash-es": "^4.17.15"
      },
      "dependencies": {
        "@ckeditor/ckeditor5-utils": {
          "version": "35.2.1",
          "resolved": "https://registry.npmjs.org/@ckeditor/ckeditor5-utils/-/ckeditor5-utils-35.2.1.tgz",
          "integrity": "sha512-6sseGcA+am4bfuWybTVsLi1R2DRJE3lyKfAv5+UgSWpZwVWHRE/ZOCGkRrkWjA+0Rfwxx8XdU8KC+l7iq73iwQ==",
          "requires": {
            "lodash-es": "^4.17.15"
          }
        }
      }
    },
    "@ckeditor/ckeditor5-enter": {
      "version": "35.2.1",
      "resolved": "https://registry.npmjs.org/@ckeditor/ckeditor5-enter/-/ckeditor5-enter-35.2.1.tgz",
      "integrity": "sha512-B336nVuVhG0HO8cymCuJd45yo9W3CZfsAtuaEshAdx9HAHrDMpQZ3FGPH08vhJ3qTjsO9nwXUTmlPpsMnDZSdA==",
      "requires": {
        "@ckeditor/ckeditor5-core": "^35.2.1",
        "@ckeditor/ckeditor5-engine": "^35.2.1",
        "@ckeditor/ckeditor5-utils": "^35.2.1"
      },
      "dependencies": {
        "@ckeditor/ckeditor5-utils": {
          "version": "35.2.1",
          "resolved": "https://registry.npmjs.org/@ckeditor/ckeditor5-utils/-/ckeditor5-utils-35.2.1.tgz",
          "integrity": "sha512-6sseGcA+am4bfuWybTVsLi1R2DRJE3lyKfAv5+UgSWpZwVWHRE/ZOCGkRrkWjA+0Rfwxx8XdU8KC+l7iq73iwQ==",
          "requires": {
            "lodash-es": "^4.17.15"
          }
        }
      }
    },
    "@ckeditor/ckeditor5-image": {
      "version": "35.2.1",
      "resolved": "https://registry.npmjs.org/@ckeditor/ckeditor5-image/-/ckeditor5-image-35.2.1.tgz",
      "integrity": "sha512-8SaB6yhpLHEtn1Kdkh33Dg4HCYsM0Gyj8ptBKXv+QXOPMilU+atrdecbUAiPGLBDLRkfrK62HTWm737ziZ+HIQ==",
      "requires": {
        "@ckeditor/ckeditor5-ui": "^35.2.1",
        "ckeditor5": "^35.2.1",
        "lodash-es": "^4.17.15"
      }
    },
    "@ckeditor/ckeditor5-paragraph": {
      "version": "35.2.1",
      "resolved": "https://registry.npmjs.org/@ckeditor/ckeditor5-paragraph/-/ckeditor5-paragraph-35.2.1.tgz",
      "integrity": "sha512-8p1dkwGnrPC/7H6uNmiH8l8KU9GV2DyFA9wR3Sur9/QFupdXJ6ovuchqo00aWb431a6W/PZpOhCYr01KT7/0EA==",
      "requires": {
        "@ckeditor/ckeditor5-core": "^35.2.1",
        "@ckeditor/ckeditor5-ui": "^35.2.1",
        "@ckeditor/ckeditor5-utils": "^35.2.1"
      },
      "dependencies": {
        "@ckeditor/ckeditor5-utils": {
          "version": "35.2.1",
          "resolved": "https://registry.npmjs.org/@ckeditor/ckeditor5-utils/-/ckeditor5-utils-35.2.1.tgz",
          "integrity": "sha512-6sseGcA+am4bfuWybTVsLi1R2DRJE3lyKfAv5+UgSWpZwVWHRE/ZOCGkRrkWjA+0Rfwxx8XdU8KC+l7iq73iwQ==",
          "requires": {
            "lodash-es": "^4.17.15"
          }
        }
      }
    },
    "@ckeditor/ckeditor5-select-all": {
      "version": "35.2.1",
      "resolved": "https://registry.npmjs.org/@ckeditor/ckeditor5-select-all/-/ckeditor5-select-all-35.2.1.tgz",
      "integrity": "sha512-kPiNjFlzqtWUAU27urs1t9PH27evUWz19bUvmvtOUuz/Gb5jIpriacUmcA9YpFyPdX1UWkdhthzvqEx9Poui5A==",
      "requires": {
        "@ckeditor/ckeditor5-core": "^35.2.1",
        "@ckeditor/ckeditor5-ui": "^35.2.1",
        "@ckeditor/ckeditor5-utils": "^35.2.1"
      },
      "dependencies": {
        "@ckeditor/ckeditor5-utils": {
          "version": "35.2.1",
          "resolved": "https://registry.npmjs.org/@ckeditor/ckeditor5-utils/-/ckeditor5-utils-35.2.1.tgz",
          "integrity": "sha512-6sseGcA+am4bfuWybTVsLi1R2DRJE3lyKfAv5+UgSWpZwVWHRE/ZOCGkRrkWjA+0Rfwxx8XdU8KC+l7iq73iwQ==",
          "requires": {
            "lodash-es": "^4.17.15"
          }
        }
      }
    },
    "@ckeditor/ckeditor5-typing": {
      "version": "35.2.1",
      "resolved": "https://registry.npmjs.org/@ckeditor/ckeditor5-typing/-/ckeditor5-typing-35.2.1.tgz",
      "integrity": "sha512-PYzBj9F5f8HpGJEuUxxy9WVsMOZnFi/z9wDF/bJ9aoZw+SkXqKQC1HKz94u70imcPiOIzFKc1HI9VX5yQ77TaA==",
      "requires": {
        "@ckeditor/ckeditor5-core": "^35.2.1",
        "@ckeditor/ckeditor5-engine": "^35.2.1",
        "@ckeditor/ckeditor5-utils": "^35.2.1",
        "lodash-es": "^4.17.15"
      },
      "dependencies": {
        "@ckeditor/ckeditor5-utils": {
          "version": "35.2.1",
          "resolved": "https://registry.npmjs.org/@ckeditor/ckeditor5-utils/-/ckeditor5-utils-35.2.1.tgz",
          "integrity": "sha512-6sseGcA+am4bfuWybTVsLi1R2DRJE3lyKfAv5+UgSWpZwVWHRE/ZOCGkRrkWjA+0Rfwxx8XdU8KC+l7iq73iwQ==",
          "requires": {
            "lodash-es": "^4.17.15"
          }
        }
      }
    },
    "@ckeditor/ckeditor5-ui": {
      "version": "35.2.1",
      "resolved": "https://registry.npmjs.org/@ckeditor/ckeditor5-ui/-/ckeditor5-ui-35.2.1.tgz",
      "integrity": "sha512-D1M8Us0Ss97yc1MbjvqjjuOY4v2u7eYXZbqxCwvAp4/RM0uVQWUQR2UbRLyidP2Ea9JWp7VuMTZ8NvpX9UnXUg==",
      "requires": {
        "@ckeditor/ckeditor5-core": "^35.2.1",
        "@ckeditor/ckeditor5-utils": "^35.2.1",
        "lodash-es": "^4.17.15"
      },
      "dependencies": {
        "@ckeditor/ckeditor5-utils": {
          "version": "35.2.1",
          "resolved": "https://registry.npmjs.org/@ckeditor/ckeditor5-utils/-/ckeditor5-utils-35.2.1.tgz",
          "integrity": "sha512-6sseGcA+am4bfuWybTVsLi1R2DRJE3lyKfAv5+UgSWpZwVWHRE/ZOCGkRrkWjA+0Rfwxx8XdU8KC+l7iq73iwQ==",
          "requires": {
            "lodash-es": "^4.17.15"
          }
        }
      }
    },
    "@ckeditor/ckeditor5-undo": {
      "version": "35.2.1",
      "resolved": "https://registry.npmjs.org/@ckeditor/ckeditor5-undo/-/ckeditor5-undo-35.2.1.tgz",
      "integrity": "sha512-6nw3BXZU7XcBdeCWK5SI35AwMWu1OI5fGvIQbzuCcuMmicna4DJIwzcCBjY0hODMhxfU3BDLOj9FxSmk4Mju5g==",
      "requires": {
        "@ckeditor/ckeditor5-core": "^35.2.1",
        "@ckeditor/ckeditor5-engine": "^35.2.1",
        "@ckeditor/ckeditor5-ui": "^35.2.1"
      }
    },
    "@ckeditor/ckeditor5-upload": {
      "version": "35.2.1",
      "resolved": "https://registry.npmjs.org/@ckeditor/ckeditor5-upload/-/ckeditor5-upload-35.2.1.tgz",
      "integrity": "sha512-FR3yioqHCV/WmRzNnf01bPa28H8O+dfd4ZBZnAEHWNAMK8wBxf3UY2TwMeamTaaGfFoqUBz6004opqXeOUCcng==",
      "requires": {
        "@ckeditor/ckeditor5-core": "^35.2.1",
        "@ckeditor/ckeditor5-ui": "^35.2.1",
        "@ckeditor/ckeditor5-utils": "^35.2.1"
      },
      "dependencies": {
        "@ckeditor/ckeditor5-utils": {
          "version": "35.2.1",
          "resolved": "https://registry.npmjs.org/@ckeditor/ckeditor5-utils/-/ckeditor5-utils-35.2.1.tgz",
          "integrity": "sha512-6sseGcA+am4bfuWybTVsLi1R2DRJE3lyKfAv5+UgSWpZwVWHRE/ZOCGkRrkWjA+0Rfwxx8XdU8KC+l7iq73iwQ==",
          "requires": {
            "lodash-es": "^4.17.15"
          }
        }
      }
    },
    "@ckeditor/ckeditor5-utils": {
      "version": "17.0.0",
      "resolved": "https://registry.npmjs.org/@ckeditor/ckeditor5-utils/-/ckeditor5-utils-17.0.0.tgz",
      "integrity": "sha512-La9Au5pvafUi4uN3Zxjb6HLdacZLMkC+KerWQEohPhZYHRmy8OusaGB+X74gYRKb6O+vGfxpbgSA93e3VoE3fQ==",
      "requires": {
        "lodash-es": "^4.17.10"
      }
    },
    "@ckeditor/ckeditor5-widget": {
      "version": "35.2.1",
      "resolved": "https://registry.npmjs.org/@ckeditor/ckeditor5-widget/-/ckeditor5-widget-35.2.1.tgz",
      "integrity": "sha512-DdEr13R7wFZKnSwDDOvdaeU4zjV3BSggx79ApgWh2UH1zZuZeDIEAOoBd59OXGUg3mElAgIe/QH8brA5au+Owg==",
      "requires": {
        "@ckeditor/ckeditor5-core": "^35.2.1",
        "@ckeditor/ckeditor5-engine": "^35.2.1",
        "@ckeditor/ckeditor5-enter": "^35.2.1",
        "@ckeditor/ckeditor5-typing": "^35.2.1",
        "@ckeditor/ckeditor5-ui": "^35.2.1",
        "@ckeditor/ckeditor5-utils": "^35.2.1",
        "lodash-es": "^4.17.15"
      },
      "dependencies": {
        "@ckeditor/ckeditor5-utils": {
          "version": "35.2.1",
          "resolved": "https://registry.npmjs.org/@ckeditor/ckeditor5-utils/-/ckeditor5-utils-35.2.1.tgz",
          "integrity": "sha512-6sseGcA+am4bfuWybTVsLi1R2DRJE3lyKfAv5+UgSWpZwVWHRE/ZOCGkRrkWjA+0Rfwxx8XdU8KC+l7iq73iwQ==",
          "requires": {
            "lodash-es": "^4.17.15"
          }
        }
      }
    },
    "ckeditor5": {
      "version": "35.2.1",
      "resolved": "https://registry.npmjs.org/ckeditor5/-/ckeditor5-35.2.1.tgz",
      "integrity": "sha512-AoYaw5ud6M+mDkyu4RYo0YkhJt92hQtyWe9j0ByrLr2XslDDIgzf5x3XZK0FE3ouJQpk5fm6y7qN4kfeaFEJwg==",
      "requires": {
        "@ckeditor/ckeditor5-clipboard": "^35.2.1",
        "@ckeditor/ckeditor5-core": "^35.2.1",
        "@ckeditor/ckeditor5-engine": "^35.2.1",
        "@ckeditor/ckeditor5-enter": "^35.2.1",
        "@ckeditor/ckeditor5-paragraph": "^35.2.1",
        "@ckeditor/ckeditor5-select-all": "^35.2.1",
        "@ckeditor/ckeditor5-typing": "^35.2.1",
        "@ckeditor/ckeditor5-ui": "^35.2.1",
        "@ckeditor/ckeditor5-undo": "^35.2.1",
        "@ckeditor/ckeditor5-upload": "^35.2.1",
        "@ckeditor/ckeditor5-utils": "^35.2.1",
        "@ckeditor/ckeditor5-widget": "^35.2.1"
      },
      "dependencies": {
        "@ckeditor/ckeditor5-utils": {
          "version": "35.2.1",
          "resolved": "https://registry.npmjs.org/@ckeditor/ckeditor5-utils/-/ckeditor5-utils-35.2.1.tgz",
          "integrity": "sha512-6sseGcA+am4bfuWybTVsLi1R2DRJE3lyKfAv5+UgSWpZwVWHRE/ZOCGkRrkWjA+0Rfwxx8XdU8KC+l7iq73iwQ==",
          "requires": {
            "lodash-es": "^4.17.15"
          }
        }
      }
    },
    "lodash-es": {
      "version": "4.17.21",
      "resolved": "https://registry.npmjs.org/lodash-es/-/lodash-es-4.17.21.tgz",
      "integrity": "sha512-mKnC+QJ9pWVzv+C4/U3rRsHapFfHvQFoFB92e52xeyGMcX6/OlIl78je1u8vePzYZSkkogMPJ2yjxxsb89cxyw=="
    }
  }
}
